
Microsoft Visual Studio Solution File, Format Version 12.00
# Visual Studio 15
VisualStudioVersion = 15.0.27130.2010
MinimumVisualStudioVersion = 10.0.40219.1
Project("{2150E333-8FDC-42A3-9474-1A3956D46DE8}") = "TouchTracking", "TouchTracking", "{5EAAF631-6151-4F9B-B022-344EACF47C8B}"
EndProject
Project("{2150E333-8FDC-42A3-9474-1A3956D46DE8}") = "SkiaScene", "SkiaScene", "{86604022-2CED-4F88-8A0B-B518738BBD5D}"
EndProject
Project("{9A19103F-16F7-4668-BE54-9A1E7A4F7556}") = "SkiaScene.TouchManipulation", "SkiaScene\SkiaScene.TouchManipulation\SkiaScene.TouchManipulation.csproj", "{4A5ED71A-78CD-4FB7-8A82-9B1209F5BDCE}"
EndProject
Project("{9A19103F-16F7-4668-BE54-9A1E7A4F7556}") = "TouchTracking", "TouchTracking\TouchTracking\TouchTracking.csproj", "{9DCA945E-39D0-420C-AD0A-DB668D0B9A00}"
EndProject
Project("{9A19103F-16F7-4668-BE54-9A1E7A4F7556}") = "SkiaScene", "SkiaScene\SkiaScene\SkiaScene.csproj", "{39D92863-4CFD-434D-91E9-80625E284813}"
EndProject
Project("{FAE04EC0-301F-11D3-BF4B-00C04F79EFBC}") = "TouchTracking.MAUI", "TouchTracking\TouchTracking.MAUI\TouchTracking.MAUI.csproj", "{FB10DDDE-D255-43C6-AFBC-ADE51FEB5166}"
EndProject
Project("{2150E333-8FDC-42A3-9474-1A3956D46DE8}") = "Solution Items", "Solution Items", "{0F654EA4-9F36-4366-88AD-C76F7FBA8774}"
	ProjectSection(SolutionItems) = preProject
		Directory.Build.props = Directory.Build.props
		Directory.Packages.props = Directory.Packages.props
	EndProjectSection
EndProject
Project("{2150E333-8FDC-42A3-9474-1A3956D46DE8}") = "Build", "Build", "{4CB34AC9-245F-4ECB-BB68-4E150F4BE55B}"
	ProjectSection(SolutionItems) = preProject
		..\.github\workflows\build.yml = ..\.github\workflows\build.yml
		..\build.cake = ..\build.cake
	EndProjectSection
EndProject
Project("{2150E333-8FDC-42A3-9474-1A3956D46DE8}") = "Samples", "Samples", "{39C16811-1C93-4C9C-871B-7A51A8C3F499}"
EndProject
Project("{2150E333-8FDC-42A3-9474-1A3956D46DE8}") = "Native", "Native", "{3F50D0CC-F597-43FC-B8D6-AFB20D0EF103}"
EndProject
Project("{2150E333-8FDC-42A3-9474-1A3956D46DE8}") = "MAUI", "MAUI", "{4EBB37BB-034B-41F0-88FA-1D680705AA60}"
EndProject
Project("{FAE04EC0-301F-11D3-BF4B-00C04F79EFBC}") = "SkiaScene.Sample", "Samples\Native\SkiaScene.Sample\SkiaScene.Sample.csproj", "{117C22C7-8BD5-41F1-82E3-30A1BA3E9014}"
EndProject
Project("{FAE04EC0-301F-11D3-BF4B-00C04F79EFBC}") = "SkiaScene.NativeSample.Droid", "Samples\Native\SkiaScene.NativeSample.Droid\SkiaScene.NativeSample.Droid.csproj", "{AB330116-8C85-4A1E-94A4-93447B1622A8}"
EndProject
Project("{FAE04EC0-301F-11D3-BF4B-00C04F79EFBC}") = "SkiaScene.NativeSample.iOS", "Samples\Native\SkiaScene.NativeSample.iOS\SkiaScene.NativeSample.iOS.csproj", "{B94E5BF0-4DE0-4414-8D8A-A041FD370037}"
EndProject
Project("{FAE04EC0-301F-11D3-BF4B-00C04F79EFBC}") = "SkiaScene.MAUISample", "Samples\MAUI\SkiaScene.MAUISample\SkiaScene.MAUISample.csproj", "{F5EB6C2D-2D96-43B1-86F9-9181010ABDC4}"
EndProject
Global
	GlobalSection(SolutionConfigurationPlatforms) = preSolution
		Debug|Any CPU = Debug|Any CPU
		Debug|ARM = Debug|ARM
		Debug|x64 = Debug|x64
		Debug|x86 = Debug|x86
		Release|Any CPU = Release|Any CPU
		Release|ARM = Release|ARM
		Release|x64 = Release|x64
		Release|x86 = Release|x86
	EndGlobalSection
	GlobalSection(ProjectConfigurationPlatforms) = postSolution
		{4A5ED71A-78CD-4FB7-8A82-9B1209F5BDCE}.Debug|Any CPU.ActiveCfg = Debug|Any CPU
		{4A5ED71A-78CD-4FB7-8A82-9B1209F5BDCE}.Debug|Any CPU.Build.0 = Debug|Any CPU
		{4A5ED71A-78CD-4FB7-8A82-9B1209F5BDCE}.Debug|ARM.ActiveCfg = Debug|Any CPU
		{4A5ED71A-78CD-4FB7-8A82-9B1209F5BDCE}.Debug|ARM.Build.0 = Debug|Any CPU
		{4A5ED71A-78CD-4FB7-8A82-9B1209F5BDCE}.Debug|x64.ActiveCfg = Debug|Any CPU
		{4A5ED71A-78CD-4FB7-8A82-9B1209F5BDCE}.Debug|x64.Build.0 = Debug|Any CPU
		{4A5ED71A-78CD-4FB7-8A82-9B1209F5BDCE}.Debug|x86.ActiveCfg = Debug|Any CPU
		{4A5ED71A-78CD-4FB7-8A82-9B1209F5BDCE}.Debug|x86.Build.0 = Debug|Any CPU
		{4A5ED71A-78CD-4FB7-8A82-9B1209F5BDCE}.Release|Any CPU.ActiveCfg = Release|Any CPU
		{4A5ED71A-78CD-4FB7-8A82-9B1209F5BDCE}.Release|Any CPU.Build.0 = Release|Any CPU
		{4A5ED71A-78CD-4FB7-8A82-9B1209F5BDCE}.Release|ARM.ActiveCfg = Release|Any CPU
		{4A5ED71A-78CD-4FB7-8A82-9B1209F5BDCE}.Release|ARM.Build.0 = Release|Any CPU
		{4A5ED71A-78CD-4FB7-8A82-9B1209F5BDCE}.Release|x64.ActiveCfg = Release|Any CPU
		{4A5ED71A-78CD-4FB7-8A82-9B1209F5BDCE}.Release|x64.Build.0 = Release|Any CPU
		{4A5ED71A-78CD-4FB7-8A82-9B1209F5BDCE}.Release|x86.ActiveCfg = Release|Any CPU
		{4A5ED71A-78CD-4FB7-8A82-9B1209F5BDCE}.Release|x86.Build.0 = Release|Any CPU
		{9DCA945E-39D0-420C-AD0A-DB668D0B9A00}.Debug|Any CPU.ActiveCfg = Debug|Any CPU
		{9DCA945E-39D0-420C-AD0A-DB668D0B9A00}.Debug|Any CPU.Build.0 = Debug|Any CPU
		{9DCA945E-39D0-420C-AD0A-DB668D0B9A00}.Debug|ARM.ActiveCfg = Debug|Any CPU
		{9DCA945E-39D0-420C-AD0A-DB668D0B9A00}.Debug|ARM.Build.0 = Debug|Any CPU
		{9DCA945E-39D0-420C-AD0A-DB668D0B9A00}.Debug|x64.ActiveCfg = Debug|Any CPU
		{9DCA945E-39D0-420C-AD0A-DB668D0B9A00}.Debug|x64.Build.0 = Debug|Any CPU
		{9DCA945E-39D0-420C-AD0A-DB668D0B9A00}.Debug|x86.ActiveCfg = Debug|Any CPU
		{9DCA945E-39D0-420C-AD0A-DB668D0B9A00}.Debug|x86.Build.0 = Debug|Any CPU
		{9DCA945E-39D0-420C-AD0A-DB668D0B9A00}.Release|Any CPU.ActiveCfg = Release|Any CPU
		{9DCA945E-39D0-420C-AD0A-DB668D0B9A00}.Release|Any CPU.Build.0 = Release|Any CPU
		{9DCA945E-39D0-420C-AD0A-DB668D0B9A00}.Release|ARM.ActiveCfg = Release|Any CPU
		{9DCA945E-39D0-420C-AD0A-DB668D0B9A00}.Release|ARM.Build.0 = Release|Any CPU
		{9DCA945E-39D0-420C-AD0A-DB668D0B9A00}.Release|x64.ActiveCfg = Release|Any CPU
		{9DCA945E-39D0-420C-AD0A-DB668D0B9A00}.Release|x64.Build.0 = Release|Any CPU
		{9DCA945E-39D0-420C-AD0A-DB668D0B9A00}.Release|x86.ActiveCfg = Release|Any CPU
		{9DCA945E-39D0-420C-AD0A-DB668D0B9A00}.Release|x86.Build.0 = Release|Any CPU
		{39D92863-4CFD-434D-91E9-80625E284813}.Debug|Any CPU.ActiveCfg = Debug|Any CPU
		{39D92863-4CFD-434D-91E9-80625E284813}.Debug|Any CPU.Build.0 = Debug|Any CPU
		{39D92863-4CFD-434D-91E9-80625E284813}.Debug|ARM.ActiveCfg = Debug|Any CPU
		{39D92863-4CFD-434D-91E9-80625E284813}.Debug|ARM.Build.0 = Debug|Any CPU
		{39D92863-4CFD-434D-91E9-80625E284813}.Debug|x64.ActiveCfg = Debug|Any CPU
		{39D92863-4CFD-434D-91E9-80625E284813}.Debug|x64.Build.0 = Debug|Any CPU
		{39D92863-4CFD-434D-91E9-80625E284813}.Debug|x86.ActiveCfg = Debug|Any CPU
		{39D92863-4CFD-434D-91E9-80625E284813}.Debug|x86.Build.0 = Debug|Any CPU
		{39D92863-4CFD-434D-91E9-80625E284813}.Release|Any CPU.ActiveCfg = Release|Any CPU
		{39D92863-4CFD-434D-91E9-80625E284813}.Release|Any CPU.Build.0 = Release|Any CPU
		{39D92863-4CFD-434D-91E9-80625E284813}.Release|ARM.ActiveCfg = Release|Any CPU
		{39D92863-4CFD-434D-91E9-80625E284813}.Release|ARM.Build.0 = Release|Any CPU
		{39D92863-4CFD-434D-91E9-80625E284813}.Release|x64.ActiveCfg = Release|Any CPU
		{39D92863-4CFD-434D-91E9-80625E284813}.Release|x64.Build.0 = Release|Any CPU
		{39D92863-4CFD-434D-91E9-80625E284813}.Release|x86.ActiveCfg = Release|Any CPU
		{39D92863-4CFD-434D-91E9-80625E284813}.Release|x86.Build.0 = Release|Any CPU
		{FB10DDDE-D255-43C6-AFBC-ADE51FEB5166}.Debug|Any CPU.ActiveCfg = Debug|Any CPU
		{FB10DDDE-D255-43C6-AFBC-ADE51FEB5166}.Debug|Any CPU.Build.0 = Debug|Any CPU
		{FB10DDDE-D255-43C6-AFBC-ADE51FEB5166}.Debug|ARM.ActiveCfg = Debug|Any CPU
		{FB10DDDE-D255-43C6-AFBC-ADE51FEB5166}.Debug|ARM.Build.0 = Debug|Any CPU
		{FB10DDDE-D255-43C6-AFBC-ADE51FEB5166}.Debug|x64.ActiveCfg = Debug|Any CPU
		{FB10DDDE-D255-43C6-AFBC-ADE51FEB5166}.Debug|x64.Build.0 = Debug|Any CPU
		{FB10DDDE-D255-43C6-AFBC-ADE51FEB5166}.Debug|x86.ActiveCfg = Debug|Any CPU
		{FB10DDDE-D255-43C6-AFBC-ADE51FEB5166}.Debug|x86.Build.0 = Debug|Any CPU
		{FB10DDDE-D255-43C6-AFBC-ADE51FEB5166}.Release|Any CPU.ActiveCfg = Release|Any CPU
		{FB10DDDE-D255-43C6-AFBC-ADE51FEB5166}.Release|Any CPU.Build.0 = Release|Any CPU
		{FB10DDDE-D255-43C6-AFBC-ADE51FEB5166}.Release|ARM.ActiveCfg = Release|Any CPU
		{FB10DDDE-D255-43C6-AFBC-ADE51FEB5166}.Release|ARM.Build.0 = Release|Any CPU
		{FB10DDDE-D255-43C6-AFBC-ADE51FEB5166}.Release|x64.ActiveCfg = Release|Any CPU
		{FB10DDDE-D255-43C6-AFBC-ADE51FEB5166}.Release|x64.Build.0 = Release|Any CPU
		{FB10DDDE-D255-43C6-AFBC-ADE51FEB5166}.Release|x86.ActiveCfg = Release|Any CPU
		{FB10DDDE-D255-43C6-AFBC-ADE51FEB5166}.Release|x86.Build.0 = Release|Any CPU
		{117C22C7-8BD5-41F1-82E3-30A1BA3E9014}.Debug|Any CPU.ActiveCfg = Debug|Any CPU
		{117C22C7-8BD5-41F1-82E3-30A1BA3E9014}.Debug|Any CPU.Build.0 = Debug|Any CPU
		{117C22C7-8BD5-41F1-82E3-30A1BA3E9014}.Debug|ARM.ActiveCfg = Debug|Any CPU
		{117C22C7-8BD5-41F1-82E3-30A1BA3E9014}.Debug|ARM.Build.0 = Debug|Any CPU
		{117C22C7-8BD5-41F1-82E3-30A1BA3E9014}.Debug|x64.ActiveCfg = Debug|Any CPU
		{117C22C7-8BD5-41F1-82E3-30A1BA3E9014}.Debug|x64.Build.0 = Debug|Any CPU
		{117C22C7-8BD5-41F1-82E3-30A1BA3E9014}.Debug|x86.ActiveCfg = Debug|Any CPU
		{117C22C7-8BD5-41F1-82E3-30A1BA3E9014}.Debug|x86.Build.0 = Debug|Any CPU
		{117C22C7-8BD5-41F1-82E3-30A1BA3E9014}.Release|Any CPU.ActiveCfg = Release|Any CPU
		{117C22C7-8BD5-41F1-82E3-30A1BA3E9014}.Release|ARM.ActiveCfg = Release|Any CPU
		{117C22C7-8BD5-41F1-82E3-30A1BA3E9014}.Release|x64.ActiveCfg = Release|Any CPU
		{117C22C7-8BD5-41F1-82E3-30A1BA3E9014}.Release|x86.ActiveCfg = Release|Any CPU
		{AB330116-8C85-4A1E-94A4-93447B1622A8}.Debug|Any CPU.ActiveCfg = Debug|Any CPU
		{AB330116-8C85-4A1E-94A4-93447B1622A8}.Debug|Any CPU.Build.0 = Debug|Any CPU
		{AB330116-8C85-4A1E-94A4-93447B1622A8}.Debug|ARM.ActiveCfg = Debug|Any CPU
		{AB330116-8C85-4A1E-94A4-93447B1622A8}.Debug|ARM.Build.0 = Debug|Any CPU
		{AB330116-8C85-4A1E-94A4-93447B1622A8}.Debug|x64.ActiveCfg = Debug|Any CPU
		{AB330116-8C85-4A1E-94A4-93447B1622A8}.Debug|x64.Build.0 = Debug|Any CPU
		{AB330116-8C85-4A1E-94A4-93447B1622A8}.Debug|x86.ActiveCfg = Debug|Any CPU
		{AB330116-8C85-4A1E-94A4-93447B1622A8}.Debug|x86.Build.0 = Debug|Any CPU
		{AB330116-8C85-4A1E-94A4-93447B1622A8}.Release|Any CPU.ActiveCfg = Release|Any CPU
		{AB330116-8C85-4A1E-94A4-93447B1622A8}.Release|ARM.ActiveCfg = Release|Any CPU
		{AB330116-8C85-4A1E-94A4-93447B1622A8}.Release|x64.ActiveCfg = Release|Any CPU
		{AB330116-8C85-4A1E-94A4-93447B1622A8}.Release|x86.ActiveCfg = Release|Any CPU
		{B94E5BF0-4DE0-4414-8D8A-A041FD370037}.Debug|Any CPU.ActiveCfg = Debug|Any CPU
		{B94E5BF0-4DE0-4414-8D8A-A041FD370037}.Debug|Any CPU.Build.0 = Debug|Any CPU
		{B94E5BF0-4DE0-4414-8D8A-A041FD370037}.Debug|ARM.ActiveCfg = Debug|Any CPU
		{B94E5BF0-4DE0-4414-8D8A-A041FD370037}.Debug|ARM.Build.0 = Debug|Any CPU
		{B94E5BF0-4DE0-4414-8D8A-A041FD370037}.Debug|x64.ActiveCfg = Debug|Any CPU
		{B94E5BF0-4DE0-4414-8D8A-A041FD370037}.Debug|x64.Build.0 = Debug|Any CPU
		{B94E5BF0-4DE0-4414-8D8A-A041FD370037}.Debug|x86.ActiveCfg = Debug|Any CPU
		{B94E5BF0-4DE0-4414-8D8A-A041FD370037}.Debug|x86.Build.0 = Debug|Any CPU
		{B94E5BF0-4DE0-4414-8D8A-A041FD370037}.Release|Any CPU.ActiveCfg = Release|Any CPU
		{B94E5BF0-4DE0-4414-8D8A-A041FD370037}.Release|ARM.ActiveCfg = Release|Any CPU
		{B94E5BF0-4DE0-4414-8D8A-A041FD370037}.Release|x64.ActiveCfg = Release|Any CPU
		{B94E5BF0-4DE0-4414-8D8A-A041FD370037}.Release|x86.ActiveCfg = Release|Any CPU
		{F5EB6C2D-2D96-43B1-86F9-9181010ABDC4}.Debug|Any CPU.ActiveCfg = Debug|Any CPU
		{F5EB6C2D-2D96-43B1-86F9-9181010ABDC4}.Debug|Any CPU.Build.0 = Debug|Any CPU
		{F5EB6C2D-2D96-43B1-86F9-9181010ABDC4}.Debug|ARM.ActiveCfg = Debug|Any CPU
		{F5EB6C2D-2D96-43B1-86F9-9181010ABDC4}.Debug|ARM.Build.0 = Debug|Any CPU
		{F5EB6C2D-2D96-43B1-86F9-9181010ABDC4}.Debug|x64.ActiveCfg = Debug|Any CPU
		{F5EB6C2D-2D96-43B1-86F9-9181010ABDC4}.Debug|x64.Build.0 = Debug|Any CPU
		{F5EB6C2D-2D96-43B1-86F9-9181010ABDC4}.Debug|x86.ActiveCfg = Debug|Any CPU
		{F5EB6C2D-2D96-43B1-86F9-9181010ABDC4}.Debug|x86.Build.0 = Debug|Any CPU
		{F5EB6C2D-2D96-43B1-86F9-9181010ABDC4}.Release|Any CPU.ActiveCfg = Release|Any CPU
		{F5EB6C2D-2D96-43B1-86F9-9181010ABDC4}.Release|ARM.ActiveCfg = Release|Any CPU
		{F5EB6C2D-2D96-43B1-86F9-9181010ABDC4}.Release|x64.ActiveCfg = Release|Any CPU
		{F5EB6C2D-2D96-43B1-86F9-9181010ABDC4}.Release|x86.ActiveCfg = Release|Any CPU
	EndGlobalSection
	GlobalSection(SolutionProperties) = preSolution
		HideSolutionNode = FALSE
	EndGlobalSection
	GlobalSection(NestedProjects) = preSolution
		{4A5ED71A-78CD-4FB7-8A82-9B1209F5BDCE} = {86604022-2CED-4F88-8A0B-B518738BBD5D}
		{9DCA945E-39D0-420C-AD0A-DB668D0B9A00} = {5EAAF631-6151-4F9B-B022-344EACF47C8B}
		{39D92863-4CFD-434D-91E9-80625E284813} = {86604022-2CED-4F88-8A0B-B518738BBD5D}
		{FB10DDDE-D255-43C6-AFBC-ADE51FEB5166} = {5EAAF631-6151-4F9B-B022-344EACF47C8B}
		{4CB34AC9-245F-4ECB-BB68-4E150F4BE55B} = {0F654EA4-9F36-4366-88AD-C76F7FBA8774}
		{3F50D0CC-F597-43FC-B8D6-AFB20D0EF103} = {39C16811-1C93-4C9C-871B-7A51A8C3F499}
		{4EBB37BB-034B-41F0-88FA-1D680705AA60} = {39C16811-1C93-4C9C-871B-7A51A8C3F499}
		{AB330116-8C85-4A1E-94A4-93447B1622A8} = {3F50D0CC-F597-43FC-B8D6-AFB20D0EF103}
		{B94E5BF0-4DE0-4414-8D8A-A041FD370037} = {3F50D0CC-F597-43FC-B8D6-AFB20D0EF103}
		{F5EB6C2D-2D96-43B1-86F9-9181010ABDC4} = {4EBB37BB-034B-41F0-88FA-1D680705AA60}
		{117C22C7-8BD5-41F1-82E3-30A1BA3E9014} = {39C16811-1C93-4C9C-871B-7A51A8C3F499}
	EndGlobalSection
	GlobalSection(ExtensibilityGlobals) = postSolution
		SolutionGuid = {0D1DB94F-B0A3-4696-ADF4-DAD4021008F6}
	EndGlobalSection
EndGlobal
